// !$*UTF8*$!
{
	archiveVersion = 1;
	classes = {
	};
	objectVersion = 110;
	objects = {

/* Begin PBXContainerItemProxy section */
		26FE98BF306E227F009216AE /* PBXContainerItemProxy */ = {
			isa = PBXContainerItemProxy;
			containerPortal = 26FE98A9306E227C009216AE /* Project object */;
			proxyType = 1;
			remoteGlobalIDString = 26FE98B0306E227D009216AE;
			remoteInfo = Lumera;
		};
		26FE98C9306E227F009216AE /* PBXContainerItemProxy */ = {
			isa = PBXContainerItemProxy;
			containerPortal = 26FE98A9306E227C009216AE /* Project object */;
			proxyType = 1;
			remoteGlobalIDString = 26FE98B0306E227D009216AE;
			remoteInfo = Lumera;
		};
/* End PBXContainerItemProxy section */

/* Begin PBXFileReference section */
		26FE98B1306E227D009216AE /* Lumera.app */ = {isa = PBXFileReference; explicitFileType = wrapper.application; includeInIndex = 0; path = Lumera.app; sourceTree = BUILT_PRODUCTS_DIR; };
		26FE98BE306E227F009216AE /* LumeraTests.xctest */ = {isa = PBXFileReference; explicitFileType = wrapper.cfbundle; includeInIndex = 0; path = LumeraTests.xctest; sourceTree = BUILT_PRODUCTS_DIR; };
		26FE98C8306E227F009216AE /* LumeraUITests.xctest */ = {isa = PBXFileReference; explicitFileType = wrapper.cfbundle; includeInIndex = 0; path = LumeraUITests.xctest; sourceTree = BUILT_PRODUCTS_DIR; };
/* End PBXFileReference section */

/* Begin PBXFileSystemSynchronizedRootGroup section */
		26FE98B3306E227D009216AE /* Lumera */ = {
			isa = PBXFileSystemSynchronizedRootGroup;
			path = Lumera;
			sourceTree = "<group>";
		};
		26FE98C1306E227F009216AE /* LumeraTests */ = {
			isa = PBXFileSystemSynchronizedRootGroup;
			path = LumeraTests;
			sourceTree = "<group>";
		};
		26FE98CB306E227F009216AE /* LumeraUITests */ = {
			isa = PBXFileSystemSynchronizedRootGroup;
			path = LumeraUITests;
			sourceTree = "<group>";
		};
/* End PBXFileSystemSynchronizedRootGroup section */

/* Begin PBXFrameworksBuildPhase section */
		26FE98AE306E227D009216AE /* Frameworks */ = {
			isa = PBXFrameworksBuildPhase;
			files = (
			);
		};
		26FE98BB306E227F009216AE /* Frameworks */ = {
			isa = PBXFrameworksBuildPhase;
			files = (
			);
		};
		26FE98C5306E227F009216AE /* Frameworks */ = {
			isa = PBXFrameworksBuildPhase;
			files = (
			);
		};
/* End PBXFrameworksBuildPhase section */

/* Begin PBXGroup section */
		26FE98A8306E227C009216AE = {
			isa = PBXGroup;
			children = (
				26FE98B3306E227D009216AE /* Lumera */,
				26FE98C1306E227F009216AE /* LumeraTests */,
				26FE98CB306E227F009216AE /* LumeraUITests */,
				26FE98B2306E227D009216AE /* Products */,
			);
			sourceTree = "<group>";
		};
		26FE98B2306E227D009216AE /* Products */ = {
			isa = PBXGroup;
			children = (
				26FE98B1306E227D009216AE /* Lumera.app */,
				26FE98BE306E227F009216AE /* LumeraTests.xctest */,
				26FE98C8306E227F009216AE /* LumeraUITests.xctest */,
			);
			name = Products;
			sourceTree = "<group>";
		};
/* End PBXGroup section */

/* Begin PBXNativeTarget section */
		26FE98B0306E227D009216AE /* Lumera */ = {
			isa = PBXNativeTarget;
			buildConfigurationList = 26FE98D0306E227F009216AE /* Build configuration list for PBXNativeTarget "Lumera" */;
			buildPhases = (
				26FE98AD306E227D009216AE /* Sources */,
				26FE98AE306E227D009216AE /* Frameworks */,
				26FE98AF306E227D009216AE /* Resources */,
			);
			buildRules = (
			);
			fileSystemSynchronizedGroups = (
				26FE98B3306E227D009216AE /* Lumera */,
			);
			name = Lumera;
			productName = Lumera;
			productReference = 26FE98B1306E227D009216AE /* Lumera.app */;
			productType = "com.apple.product-type.application";
		};
		26FE98BD306E227F009216AE /* LumeraTests */ = {
			isa = PBXNativeTarget;
			buildConfigurationList = 26FE98D3306E227F009216AE /* Build configuration list for PBXNativeTarget "LumeraTests" */;
			buildPhases = (
				26FE98BA306E227F009216AE /* Sources */,
				26FE98BB306E227F009216AE /* Frameworks */,
				26FE98BC306E227F009216AE /* Resources */,
			);
			buildRules = (
			);
			dependencies = (
				26FE98C0306E227F009216AE /* PBXTargetDependency */,
			);
			fileSystemSynchronizedGroups = (
				26FE98C1306E227F009216AE /* LumeraTests */,
			);
			name = LumeraTests;
			productName = LumeraTests;
			productReference = 26FE98BE306E227F009216AE /* LumeraTests.xctest */;
			productType = "com.apple.product-type.bundle.unit-test";
		};
		26FE98C7306E227F009216AE /* LumeraUITests */ = {
			isa = PBXNativeTarget;
			buildConfigurationList = 26FE98D6306E227F009216AE /* Build configuration list for PBXNativeTarget "LumeraUITests" */;
			buildPhases = (
				26FE98C4306E227F009216AE /* Sources */,
				26FE98C5306E227F009216AE /* Frameworks */,
				26FE98C6306E227F009216AE /* Resources */,
			);
			buildRules = (
			);
			dependencies = (
				26FE98CA306E227F009216AE /* PBXTargetDependency */,
			);
			fileSystemSynchronizedGroups = (
				26FE98CB306E227F009216AE /* LumeraUITests */,
			);
			name = LumeraUITests;
			productName = LumeraUITests;
			productReference = 26FE98C8306E227F009216AE /* LumeraUITests.xctest */;
			productType = "com.apple.product-type.bundle.ui-testing";
		};
/* End PBXNativeTarget section */

/* Begin PBXProject section */
		26FE98A9306E227C009216AE /* Project object */ = {
			isa = PBXProject;
			attributes = {
				BuildIndependentTargetsInParallel = 1;
				LastSwiftUpdateCheck = 2700;
				LastUpgradeCheck = 2700;
				TargetAttributes = {
					26FE98B0306E227D009216AE = {
						CreatedOnToolsVersion = 27.0;
					};
					26FE98BD306E227F009216AE = {
						CreatedOnToolsVersion = 27.0;
						TestTargetID = 26FE98B0306E227D009216AE;
					};
					26FE98C7306E227F009216AE = {
						CreatedOnToolsVersion = 27.0;
						TestTargetID = 26FE98B0306E227D009216AE;
					};
				};
			};
			buildConfigurationList = 26FE98AC306E227C009216AE /* Build configuration list for PBXProject "Lumera" */;
			developmentRegion = en;
			hasScannedForEncodings = 0;
			knownRegions = (
				en,
				Base,
			);
			mainGroup = 26FE98A8306E227C009216AE;
			minimizedProjectReferenceProxies = 1;
			preferredProjectObjectVersion = 77;
			productRefGroup = 26FE98B2306E227D009216AE /* Products */;
			projectDirPath = "";
			projectRoot = "";
			targets = (
				26FE98B0306E227D009216AE /* Lumera */,
				26FE98BD306E227F009216AE /* LumeraTests */,
				26FE98C7306E227F009216AE /* LumeraUITests */,
			);
		};
/* End PBXProject section */

/* Begin PBXResourcesBuildPhase section */
		26FE98AF306E227D009216AE /* Resources */ = {
			isa = PBXResourcesBuildPhase;
			files = (
			);
		};
		26FE98BC306E227F009216AE /* Resources */ = {
			isa = PBXResourcesBuildPhase;
			files = (
			);
		};
		26FE98C6306E227F009216AE /* Resources */ = {
			isa = PBXResourcesBuildPhase;
			files = (
			);
		};
/* End PBXResourcesBuildPhase section */

/* Begin PBXSourcesBuildPhase section */
		26FE98AD306E227D009216AE /* Sources */ = {
			isa = PBXSourcesBuildPhase;
			files = (
			);
		};
		26FE98BA306E227F009216AE /* Sources */ = {
			isa = PBXSourcesBuildPhase;
			files = (
			);
		};
		26FE98C4306E227F009216AE /* Sources */ = {
			isa = PBXSourcesBuildPhase;
			files = (
			);
		};
/* End PBXSourcesBuildPhase section */

/* Begin PBXTargetDependency section */
		26FE98C0306E227F009216AE /* PBXTargetDependency */ = {
			isa = PBXTargetDependency;
			target = 26FE98B0306E227D009216AE /* Lumera */;
			targetProxy = 26FE98BF306E227F009216AE /* PBXContainerItemProxy */;
		};
		26FE98CA306E227F009216AE /* PBXTargetDependency */ = {
			isa = PBXTargetDependency;
			target = 26FE98B0306E227D009216AE /* Lumera */;
			targetProxy = 26FE98C9306E227F009216AE /* PBXContainerItemProxy */;
		};
/* End PBXTargetDependency section */

/* Begin XCBuildConfiguration section */
		26FE98CE306E227F009216AE /* Debug configuration for PBXProject "Lumera" */ = {
			isa = XCBuildConfiguration;
			buildSettings = {
				ALWAYS_SEARCH_USER_PATHS = NO;
				ASSETCATALOG_COMPILER_GENERATE_SWIFT_ASSET_SYMBOL_EXTENSIONS = YES;
				CLANG_ANALYZER_NONNULL = YES;
				CLANG_ANALYZER_NUMBER_OBJECT_CONVERSION = YES_AGGRESSIVE;
				CLANG_CXX_LANGUAGE_STANDARD = "gnu++20";
				CLANG_ENABLE_MODULES = YES;
				CLANG_ENABLE_OBJC_ARC = YES;
				CLANG_ENABLE_OBJC_WEAK = YES;
				CLANG_WARN_BLOCK_CAPTURE_AUTORELEASING = YES;
				CLANG_WARN_BOOL_CONVERSION = YES;
				CLANG_WARN_COMMA = YES;
				CLANG_WARN_CONSTANT_CONVERSION = YES;
				CLANG_WARN_DEPRECATED_OBJC_IMPLEMENTATIONS = YES;
				CLANG_WARN_DIRECT_OBJC_ISA_USAGE = YES_ERROR;
				CLANG_WARN_DOCUMENTATION_COMMENTS = YES;
				CLANG_WARN_EMPTY_BODY = YES;
				CLANG_WARN_ENUM_CONVERSION = YES;
				CLANG_WARN_INFINITE_RECURSION = YES;
				CLANG_WARN_INT_CONVERSION = YES;
				CLANG_WARN_NON_LITERAL_NULL_CONVERSION = YES;
				CLANG_WARN_OBJC_IMPLICIT_RETAIN_SELF = YES;
				CLANG_WARN_OBJC_LITERAL_CONVERSION = YES;
				CLANG_WARN_OBJC_ROOT_CLASS = YES_ERROR;
				CLANG_WARN_QUOTED_INCLUDE_IN_FRAMEWORK_HEADER = YES;
				CLANG_WARN_RANGE_LOOP_ANALYSIS = YES;
				CLANG_WARN_STRICT_PROTOTYPES = YES;
				CLANG_WARN_SUSPICIOUS_MOVE = YES;
				CLANG_WARN_UNGUARDED_AVAILABILITY = YES_AGGRESSIVE;
				CLANG_WARN_UNREACHABLE_CODE = YES;
				CLANG_WARN__DUPLICATE_METHOD_MATCH = YES;
				COPY_PHASE_STRIP = NO;
				DEBUG_INFORMATION_FORMAT = dwarf;
				DEVELOPMENT_TEAM = 9JAT69YB99;
				ENABLE_STRICT_OBJC_MSGSEND = YES;
				ENABLE_TESTABILITY = YES;
				ENABLE_USER_SCRIPT_SANDBOXING = YES;
				GCC_C_LANGUAGE_STANDARD = gnu17;
				GCC_DYNAMIC_NO_PIC = NO;
				GCC_NO_COMMON_BLOCKS = YES;
				GCC_OPTIMIZATION_LEVEL = 0;
				GCC_PREPROCESSOR_DEFINITIONS = (
					"DEBUG=1",
					"$(inherited)",
				);
				GCC_WARN_64_TO_32_BIT_CONVERSION = YES;
				GCC_WARN_ABOUT_RETURN_TYPE = YES_ERROR;
				GCC_WARN_UNDECLARED_SELECTOR = YES;
				GCC_WARN_UNINITIALIZED_AUTOS = YES_AGGRESSIVE;
				GCC_WARN_UNUSED_FUNCTION = YES;
				GCC_WARN_UNUSED_VARIABLE = YES;
				IPHONEOS_DEPLOYMENT_TARGET = 27.0;
				LOCALIZATION_PREFERS_STRING_CATALOGS = YES;
				MTL_ENABLE_DEBUG_INFO = INCLUDE_SOURCE;
				MTL_FAST_MATH = YES;
				ONLY_ACTIVE_ARCH = YES;
				SDKROOT = iphoneos;
				SWIFT_ACTIVE_COMPILATION_CONDITIONS = "DEBUG $(inherited)";
				SWIFT_OPTIMIZATION_LEVEL = "-Onone";
			};
			name = Debug;
		};
		26FE98CF306E227F009216AE /* Release configuration for PBXProject "Lumera" */ = {
			isa = XCBuildConfiguration;
			buildSettings = {
				ALWAYS_SEARCH_USER_PATHS = NO;
				ASSETCATALOG_COMPILER_GENERATE_SWIFT_ASSET_SYMBOL_EXTENSIONS = YES;
				CLANG_ANALYZER_NONNULL = YES;
				CLANG_ANALYZER_NUMBER_OBJECT_CONVERSION = YES_AGGRESSIVE;
				CLANG_CXX_LANGUAGE_STANDARD = "gnu++20";
				CLANG_ENABLE_MODULES = YES;
				CLANG_ENABLE_OBJC_ARC = YES;
				CLANG_ENABLE_OBJC_WEAK = YES;
				CLANG_WARN_BLOCK_CAPTURE_AUTORELEASING = YES;
				CLANG_WARN_BOOL_CONVERSION = YES;
				CLANG_WARN_COMMA = YES;
				CLANG_WARN_CONSTANT_CONVERSION = YES;
				CLANG_WARN_DEPRECATED_OBJC_IMPLEMENTATIONS = YES;
				CLANG_WARN_DIRECT_OBJC_ISA_USAGE = YES_ERROR;
				CLANG_WARN_DOCUMENTATION_COMMENTS = YES;
				CLANG_WARN_EMPTY_BODY = YES;
				CLANG_WARN_ENUM_CONVERSION = YES;
				CLANG_WARN_INFINITE_RECURSION = YES;
				CLANG_WARN_INT_CONVERSION = YES;
				CLANG_WARN_NON_LITERAL_NULL_CONVERSION = YES;
				CLANG_WARN_OBJC_IMPLICIT_RETAIN_SELF = YES;
				CLANG_WARN_OBJC_LITERAL_CONVERSION = YES;
				CLANG_WARN_OBJC_ROOT_CLASS = YES_ERROR;
				CLANG_WARN_QUOTED_INCLUDE_IN_FRAMEWORK_HEADER = YES;
				CLANG_WARN_RANGE_LOOP_ANALYSIS = YES;
				CLANG_WARN_STRICT_PROTOTYPES = YES;
				CLANG_WARN_SUSPICIOUS_MOVE = YES;
				CLANG_WARN_UNGUARDED_AVAILABILITY = YES_AGGRESSIVE;
				CLANG_WARN_UNREACHABLE_CODE = YES;
				CLANG_WARN__DUPLICATE_METHOD_MATCH = YES;
				COPY_PHASE_STRIP = NO;
				DEBUG_INFORMATION_FORMAT = "dwarf-with-dsym";
				DEVELOPMENT_TEAM = 9JAT69YB99;
				ENABLE_NS_ASSERTIONS = NO;
				ENABLE_STRICT_OBJC_MSGSEND = YES;
				ENABLE_USER_SCRIPT_SANDBOXING = YES;
				GCC_C_LANGUAGE_STANDARD = gnu17;
				GCC_NO_COMMON_BLOCKS = YES;
				GCC_WARN_64_TO_32_BIT_CONVERSION = YES;
				GCC_WARN_ABOUT_RETURN_TYPE = YES_ERROR;
				GCC_WARN_UNDECLARED_SELECTOR = YES;
				GCC_WARN_UNINITIALIZED_AUTOS = YES_AGGRESSIVE;
				GCC_WARN_UNUSED_FUNCTION = YES;
				GCC_WARN_UNUSED_VARIABLE = YES;
				IPHONEOS_DEPLOYMENT_TARGET = 27.0;
				LOCALIZATION_PREFERS_STRING_CATALOGS = YES;
				MTL_ENABLE_DEBUG_INFO = NO;
				MTL_FAST_MATH = YES;
				SDKROOT = iphoneos;
				SWIFT_COMPILATION_MODE = wholemodule;
				VALIDATE_PRODUCT = YES;
			};
			name = Release;
		};
		26FE98D1306E227F009216AE /* Debug configuration for PBXNativeTarget "Lumera" */ = {
			isa = XCBuildConfiguration;
			buildSettings = {
				ASSETCATALOG_COMPILER_APPICON_NAME = AppIcon;
				ASSETCATALOG_COMPILER_GLOBAL_ACCENT_COLOR_NAME = AccentColor;
				CODE_SIGN_STYLE = Automatic;
				CURRENT_PROJECT_VERSION = 1;
				DEVELOPMENT_TEAM = 9JAT69YB99;
				ENABLE_PREVIEWS = YES;
				GENERATE_INFOPLIST_FILE = YES;
				INFOPLIST_KEY_NSCameraUsageDescription = "Camera access is required to capture an image for screening.";
				INFOPLIST_KEY_UIApplicationSceneManifest_Generation = YES;
				INFOPLIST_KEY_UIApplicationSupportsIndirectInputEvents = YES;
				INFOPLIST_KEY_UILaunchScreen_Generation = YES;
				INFOPLIST_KEY_UISupportedInterfaceOrientations_iPad = "UIInterfaceOrientationPortrait UIInterfaceOrientationPortraitUpsideDown UIInterfaceOrientationLandscapeLeft UIInterfaceOrientationLandscapeRight";
				INFOPLIST_KEY_UISupportedInterfaceOrientations_iPhone = "UIInterfaceOrientationPortrait UIInterfaceOrientationLandscapeLeft UIInterfaceOrientationLandscapeRight";
				LD_RUNPATH_SEARCH_PATHS = (
					"$(inherited)",
					"@executable_path/Frameworks",
				);
				MARKETING_VERSION = 1.0;
				PRODUCT_BUNDLE_IDENTIFIER = com.dlj.Lumera;
				PRODUCT_NAME = "$(TARGET_NAME)";
				STRING_CATALOG_GENERATE_SYMBOLS = YES;
				SWIFT_APPROACHABLE_CONCURRENCY = YES;
				SWIFT_DEFAULT_ACTOR_ISOLATION = MainActor;
				SWIFT_EMIT_LOC_STRINGS = YES;
				SWIFT_UPCOMING_FEATURE_MEMBER_IMPORT_VISIBILITY = YES;
				SWIFT_VERSION = 5.0;
				TARGETED_DEVICE_FAMILY = "1,2";
			};
			name = Debug;
		};
		26FE98D2306E227F009216AE /* Release configuration for PBXNativeTarget "Lumera" */ = {
			isa = XCBuildConfiguration;
			buildSettings = {
				ASSETCATALOG_COMPILER_APPICON_NAME = AppIcon;
				ASSETCATALOG_COMPILER_GLOBAL_ACCENT_COLOR_NAME = AccentColor;
				CODE_SIGN_STYLE = Automatic;
				CURRENT_PROJECT_VERSION = 1;
				DEVELOPMENT_TEAM = 9JAT69YB99;
				ENABLE_PREVIEWS = YES;
				GENERATE_INFOPLIST_FILE = YES;
				INFOPLIST_KEY_NSCameraUsageDescription = "Camera access is required to capture an image for screening.";
				INFOPLIST_KEY_UIApplicationSceneManifest_Generation = YES;
				INFOPLIST_KEY_UIApplicationSupportsIndirectInputEvents = YES;
				INFOPLIST_KEY_UILaunchScreen_Generation = YES;
				INFOPLIST_KEY_UISupportedInterfaceOrientations_iPad = "UIInterfaceOrientationPortrait UIInterfaceOrientationPortraitUpsideDown UIInterfaceOrientationLandscapeLeft UIInterfaceOrientationLandscapeRight";
				INFOPLIST_KEY_UISupportedInterfaceOrientations_iPhone = "UIInterfaceOrientationPortrait UIInterfaceOrientationLandscapeLeft UIInterfaceOrientationLandscapeRight";
				LD_RUNPATH_SEARCH_PATHS = (
					"$(inherited)",
					"@executable_path/Frameworks",
				);
				MARKETING_VERSION = 1.0;
				PRODUCT_BUNDLE_IDENTIFIER = com.dlj.Lumera;
				PRODUCT_NAME = "$(TARGET_NAME)";
				STRING_CATALOG_GENERATE_SYMBOLS = YES;
				SWIFT_APPROACHABLE_CONCURRENCY = YES;
				SWIFT_DEFAULT_ACTOR_ISOLATION = MainActor;
				SWIFT_EMIT_LOC_STRINGS = YES;
				SWIFT_UPCOMING_FEATURE_MEMBER_IMPORT_VISIBILITY = YES;
				SWIFT_VERSION = 5.0;
				TARGETED_DEVICE_FAMILY = "1,2";
			};
			name = Release;
		};
		26FE98D4306E227F009216AE /* Debug configuration for PBXNativeTarget "LumeraTests" */ = {
			isa = XCBuildConfiguration;
			buildSettings = {
				BUNDLE_LOADER = "$(TEST_HOST)";
				CODE_SIGN_STYLE = Automatic;
				CURRENT_PROJECT_VERSION = 1;
				DEVELOPMENT_TEAM = 9JAT69YB99;
				GENERATE_INFOPLIST_FILE = YES;
				IPHONEOS_DEPLOYMENT_TARGET = 27.0;
				MARKETING_VERSION = 1.0;
				PRODUCT_BUNDLE_IDENTIFIER = com.dlj.LumeraTests;
				PRODUCT_NAME = "$(TARGET_NAME)";
				STRING_CATALOG_GENERATE_SYMBOLS = NO;
				SWIFT_APPROACHABLE_CONCURRENCY = YES;
				SWIFT_EMIT_LOC_STRINGS = NO;
				SWIFT_UPCOMING_FEATURE_MEMBER_IMPORT_VISIBILITY = YES;
				SWIFT_VERSION = 5.0;
				TARGETED_DEVICE_FAMILY = "1,2";
				TEST_HOST = "$(BUILT_PRODUCTS_DIR)/Lumera.app/$(BUNDLE_EXECUTABLE_FOLDER_PATH)/Lumera";
			};
			name = Debug;
		};
		26FE98D5306E227F009216AE /* Release configuration for PBXNativeTarget "LumeraTests" */ = {
			isa = XCBuildConfiguration;
			buildSettings = {
				BUNDLE_LOADER = "$(TEST_HOST)";
				CODE_SIGN_STYLE = Automatic;
				CURRENT_PROJECT_VERSION = 1;
				DEVELOPMENT_TEAM = 9JAT69YB99;
				GENERATE_INFOPLIST_FILE = YES;
				IPHONEOS_DEPLOYMENT_TARGET = 27.0;
				MARKETING_VERSION = 1.0;
				PRODUCT_BUNDLE_IDENTIFIER = com.dlj.LumeraTests;
				PRODUCT_NAME = "$(TARGET_NAME)";
				STRING_CATALOG_GENERATE_SYMBOLS = NO;
				SWIFT_APPROACHABLE_CONCURRENCY = YES;
				SWIFT_EMIT_LOC_STRINGS = NO;
				SWIFT_UPCOMING_FEATURE_MEMBER_IMPORT_VISIBILITY = YES;
				SWIFT_VERSION = 5.0;
				TARGETED_DEVICE_FAMILY = "1,2";
				TEST_HOST = "$(BUILT_PRODUCTS_DIR)/Lumera.app/$(BUNDLE_EXECUTABLE_FOLDER_PATH)/Lumera";
			};
			name = Release;
		};
		26FE98D7306E227F009216AE /* Debug configuration for PBXNativeTarget "LumeraUITests" */ = {
			isa = XCBuildConfiguration;
			buildSettings = {
				CODE_SIGN_STYLE = Automatic;
				CURRENT_PROJECT_VERSION = 1;
				DEVELOPMENT_TEAM = 9JAT69YB99;
				GENERATE_INFOPLIST_FILE = YES;
				MARKETING_VERSION = 1.0;
				PRODUCT_BUNDLE_IDENTIFIER = com.dlj.LumeraUITests;
				PRODUCT_NAME = "$(TARGET_NAME)";
				STRING_CATALOG_GENERATE_SYMBOLS = NO;
				SWIFT_APPROACHABLE_CONCURRENCY = YES;
				SWIFT_EMIT_LOC_STRINGS = NO;
				SWIFT_UPCOMING_FEATURE_MEMBER_IMPORT_VISIBILITY = YES;
				SWIFT_VERSION = 5.0;
				TARGETED_DEVICE_FAMILY = "1,2";
				TEST_TARGET_NAME = Lumera;
			};
			name = Debug;
		};
		26FE98D8306E227F009216AE /* Release configuration for PBXNativeTarget "LumeraUITests" */ = {
			isa = XCBuildConfiguration;
			buildSettings = {
				CODE_SIGN_STYLE = Automatic;
				CURRENT_PROJECT_VERSION = 1;
				DEVELOPMENT_TEAM = 9JAT69YB99;
				GENERATE_INFOPLIST_FILE = YES;
				MARKETING_VERSION = 1.0;
				PRODUCT_BUNDLE_IDENTIFIER = com.dlj.LumeraUITests;
				PRODUCT_NAME = "$(TARGET_NAME)";
				STRING_CATALOG_GENERATE_SYMBOLS = NO;
				SWIFT_APPROACHABLE_CONCURRENCY = YES;
				SWIFT_EMIT_LOC_STRINGS = NO;
				SWIFT_UPCOMING_FEATURE_MEMBER_IMPORT_VISIBILITY = YES;
				SWIFT_VERSION = 5.0;
				TARGETED_DEVICE_FAMILY = "1,2";
				TEST_TARGET_NAME = Lumera;
			};
			name = Release;
		};
/* End XCBuildConfiguration section */

/* Begin XCConfigurationList section */
		26FE98AC306E227C009216AE /* Build configuration list for PBXProject "Lumera" */ = {
			isa = XCConfigurationList;
			buildConfigurations = (
				26FE98CE306E227F009216AE /* Debug configuration for PBXProject "Lumera" */,
				26FE98CF306E227F009216AE /* Release configuration for PBXProject "Lumera" */,
			);
			defaultConfigurationName = Release;
		};
		26FE98D0306E227F009216AE /* Build configuration list for PBXNativeTarget "Lumera" */ = {
			isa = XCConfigurationList;
			buildConfigurations = (
				26FE98D1306E227F009216AE /* Debug configuration for PBXNativeTarget "Lumera" */,
				26FE98D2306E227F009216AE /* Release configuration for PBXNativeTarget "Lumera" */,
			);
			defaultConfigurationName = Release;
		};
		26FE98D3306E227F009216AE /* Build configuration list for PBXNativeTarget "LumeraTests" */ = {
			isa = XCConfigurationList;
			buildConfigurations = (
				26FE98D4306E227F009216AE /* Debug configuration for PBXNativeTarget "LumeraTests" */,
				26FE98D5306E227F009216AE /* Release configuration for PBXNativeTarget "LumeraTests" */,
			);
			defaultConfigurationName = Release;
		};
		26FE98D6306E227F009216AE /* Build configuration list for PBXNativeTarget "LumeraUITests" */ = {
			isa = XCConfigurationList;
			buildConfigurations = (
				26FE98D7306E227F009216AE /* Debug configuration for PBXNativeTarget "LumeraUITests" */,
				26FE98D8306E227F009216AE /* Release configuration for PBXNativeTarget "LumeraUITests" */,
			);
			defaultConfigurationName = Release;
		};
/* End XCConfigurationList section */
	};
	rootObject = 26FE98A9306E227C009216AE /* Project object */;
	validationLevel = 1;
}
